
Microsoft Visual Studio Solution File, Format Version 12.00
# Visual Studio Version 16
VisualStudioVersion = 16.0.31424.327
MinimumVisualStudioVersion = 10.0.40219.1
Project("{FAE04EC0-301F-11D3-BF4B-00C04F79EFBC}") = "GoldCap", "GoldCap.csproj", "{49B54693-4B0C-4CB0-802A-5A47A20FEC54}"
EndProject
Global
	GlobalSection(SolutionConfigurationPlatforms) = preSolution
		Debug|Any CPU = Debug|Any CPU
		Release|Any CPU = Release|Any CPU
	EndGlobalSection
	GlobalSection(ProjectConfigurationPlatforms) = postSolution
		{49B54693-4B0C-4CB0-802A-5A47A20FEC54}.Debug|Any CPU.ActiveCfg = Debug|Any CPU
		{49B54693-4B0C-4CB0-802A-5A47A20FEC54}.Debug|Any CPU.Build.0 = Debug|Any CPU
		{49B54693-4B0C-4CB0-802A-5A47A20FEC54}.Release|Any CPU.ActiveCfg = Release|Any CPU
		{49B54693-4B0C-4CB0-802A-5A47A20FEC54}.Release|Any CPU.Build.0 = Release|Any CPU
	EndGlobalSection
	GlobalSection(SolutionProperties) = preSolution
		HideSolutionNode = FALSE
	EndGlobalSection
	GlobalSection(ExtensibilityGlobals) = postSolution
		SolutionGuid = {F6ED8F2A-960F-4FD8-9611-AFA7AA7684C6}
	EndGlobalSection
EndGlobal
